
Microsoft Visual Studio Solution File, Format Version 12.00
# Visual Studio Version 16
VisualStudioVersion = 16.0.29215.179
MinimumVisualStudioVersion = 10.0.40219.1
Project("{FAE04EC0-301F-11D3-BF4B-00C04F79EFBC}") = "JsonValidator", "JsonValidator.csproj", "{989F796A-A365-4320-8E09-FFB36536186C}"
EndProject
Project("{FAE04EC0-301F-11D3-BF4B-00C04F79EFBC}") = "JsonValidator.Tests", "..\JsonValidator.Tests\JsonValidator.Tests.csproj", "{8880BC29-4525-467D-9D86-8AC8A1B72949}"
EndProject
Global
	GlobalSection(SolutionConfigurationPlatforms) = preSolution
		Debug|Any CPU = Debug|Any CPU
		Release|Any CPU = Release|Any CPU
	EndGlobalSection
	GlobalSection(ProjectConfigurationPlatforms) = postSolution
		{989F796A-A365-4320-8E09-FFB36536186C}.Debug|Any CPU.ActiveCfg = Debug|Any CPU
		{989F796A-A365-4320-8E09-FFB36536186C}.Debug|Any CPU.Build.0 = Debug|Any CPU
		{989F796A-A365-4320-8E09-FFB36536186C}.Release|Any CPU.ActiveCfg = Release|Any CPU
		{989F796A-A365-4320-8E09-FFB36536186C}.Release|Any CPU.Build.0 = Release|Any CPU
		{8880BC29-4525-467D-9D86-8AC8A1B72949}.Debug|Any CPU.ActiveCfg = Debug|Any CPU
		{8880BC29-4525-467D-9D86-8AC8A1B72949}.Debug|Any CPU.Build.0 = Debug|Any CPU
		{8880BC29-4525-467D-9D86-8AC8A1B72949}.Release|Any CPU.ActiveCfg = Release|Any CPU
		{8880BC29-4525-467D-9D86-8AC8A1B72949}.Release|Any CPU.Build.0 = Release|Any CPU
	EndGlobalSection
	GlobalSection(SolutionProperties) = preSolution
		HideSolutionNode = FALSE
	EndGlobalSection
	GlobalSection(ExtensibilityGlobals) = postSolution
		SolutionGuid = {3D316D69-C20D-4068-9A9F-1B82F3EF45EE}
	EndGlobalSection
EndGlobal
